
Microsoft Visual Studio Solution File, Format Version 12.00
# Visual Studio Version 17
VisualStudioVersion = 17.6.33829.357
MinimumVisualStudioVersion = 10.0.40219.1
Project("{9A19103F-16F7-4668-BE54-9A1E7A4F7556}") = "Task1", "Task1\Task1.csproj", "{F761EAE4-63C1-49CF-8DDF-D4FE40D49B54}"
EndProject
Project("{9A19103F-16F7-4668-BE54-9A1E7A4F7556}") = "Task2", "Task2\Task2.csproj", "{EB611708-AA38-43F7-BDBD-9332AD736FBB}"
EndProject
Project("{FAE04EC0-301F-11D3-BF4B-00C04F79EFBC}") = "Task3", "Task3\Task3.csproj", "{B62C68DA-466E-4999-B8F0-8C58D6508213}"
EndProject
Project("{FAE04EC0-301F-11D3-BF4B-00C04F79EFBC}") = "Task4", "Task4\Task4.csproj", "{938A5311-4601-4485-8581-BCCD36BB9332}"
EndProject
Global
	GlobalSection(SolutionConfigurationPlatforms) = preSolution
		Debug|Any CPU = Debug|Any CPU
		Release|Any CPU = Release|Any CPU
	EndGlobalSection
	GlobalSection(ProjectConfigurationPlatforms) = postSolution
		{F761EAE4-63C1-49CF-8DDF-D4FE40D49B54}.Debug|Any CPU.ActiveCfg = Debug|Any CPU
		{F761EAE4-63C1-49CF-8DDF-D4FE40D49B54}.Debug|Any CPU.Build.0 = Debug|Any CPU
		{F761EAE4-63C1-49CF-8DDF-D4FE40D49B54}.Release|Any CPU.ActiveCfg = Release|Any CPU
		{F761EAE4-63C1-49CF-8DDF-D4FE40D49B54}.Release|Any CPU.Build.0 = Release|Any CPU
		{EB611708-AA38-43F7-BDBD-9332AD736FBB}.Debug|Any CPU.ActiveCfg = Debug|Any CPU
		{EB611708-AA38-43F7-BDBD-9332AD736FBB}.Debug|Any CPU.Build.0 = Debug|Any CPU
		{EB611708-AA38-43F7-BDBD-9332AD736FBB}.Release|Any CPU.ActiveCfg = Release|Any CPU
		{EB611708-AA38-43F7-BDBD-9332AD736FBB}.Release|Any CPU.Build.0 = Release|Any CPU
		{B62C68DA-466E-4999-B8F0-8C58D6508213}.Debug|Any CPU.ActiveCfg = Debug|Any CPU
		{B62C68DA-466E-4999-B8F0-8C58D6508213}.Debug|Any CPU.Build.0 = Debug|Any CPU
		{B62C68DA-466E-4999-B8F0-8C58D6508213}.Release|Any CPU.ActiveCfg = Release|Any CPU
		{B62C68DA-466E-4999-B8F0-8C58D6508213}.Release|Any CPU.Build.0 = Release|Any CPU
		{938A5311-4601-4485-8581-BCCD36BB9332}.Debug|Any CPU.ActiveCfg = Debug|Any CPU
		{938A5311-4601-4485-8581-BCCD36BB9332}.Debug|Any CPU.Build.0 = Debug|Any CPU
		{938A5311-4601-4485-8581-BCCD36BB9332}.Release|Any CPU.ActiveCfg = Release|Any CPU
		{938A5311-4601-4485-8581-BCCD36BB9332}.Release|Any CPU.Build.0 = Release|Any CPU
	EndGlobalSection
	GlobalSection(SolutionProperties) = preSolution
		HideSolutionNode = FALSE
	EndGlobalSection
	GlobalSection(ExtensibilityGlobals) = postSolution
		SolutionGuid = {7C93A563-05F3-4C54-8127-E406DE799553}
	EndGlobalSection
EndGlobal
